# THIS IS AN AUTOGENERATED FILE. DO NOT EDIT THIS FILE DIRECTLY.
# yarn lockfile v1


ws@^7.2.1:
  version "7.5.5"
  resolved "https://registry.yarnpkg.com/ws/-/ws-7.5.5.tgz#8b4bc4af518cfabd0473ae4f99144287b33eb881"
  integrity sha512-BAkMFcAzl8as1G/hArkxOxq3G7pjUqQ3gzYbLL0/5zNkph70e+lCoxBGnm6AW1+/aiNeV4fnKqZ8m4GZewmH2w==
